// !$*UTF8*$!
{
	archiveVersion = 1;
	classes = {
	};
	objectVersion = 50;
	objects = {

/* Begin PBXBuildFile section */
		D509B3192675BB7100F6E512 /* main.swift in Sources */ = {isa = PBXBuildFile; fileRef = D509B3182675BB7100F6E512 /* main.swift */; };
		D509B3222675BC3200F6E512 /* 42840.swift in Sources */ = {isa = PBXBuildFile; fileRef = D509B3212675BC3200F6E512 /* 42840.swift */; };
		D509B3242675C59B00F6E512 /* 42839.swift in Sources */ = {isa = PBXBuildFile; fileRef = D509B3232675C59B00F6E512 /* 42839.swift */; };
		D51BDC0726842DA400D88771 /* 42748.swift in Sources */ = {isa = PBXBuildFile; fileRef = D51BDC0626842DA400D88771 /* 42748.swift */; };
		D51BDC0B26844D9800D88771 /* 42746.swift in Sources */ = {isa = PBXBuildFile; fileRef = D51BDC0A26844D9800D88771 /* 42746.swift */; };
		D51BDC0E26845C3A00D88771 /* 42747.swift in Sources */ = {isa = PBXBuildFile; fileRef = D51BDC0D26845C3A00D88771 /* 42747.swift */; };
		D5EE072126763EC10038D0DA /* 42842.swift in Sources */ = {isa = PBXBuildFile; fileRef = D5EE072026763EC10038D0DA /* 42842.swift */; };
		D5FBA66026764D8B006633FF /* 42586.swift in Sources */ = {isa = PBXBuildFile; fileRef = D5FBA65F26764D8B006633FF /* 42586.swift */; };
/* End PBXBuildFile section */

/* Begin PBXCopyFilesBuildPhase section */
		D509B3132675BB7100F6E512 /* CopyFiles */ = {
			isa = PBXCopyFilesBuildPhase;
			buildActionMask = 2147483647;
			dstPath = /usr/share/man/man1/;
			dstSubfolderSpec = 0;
			files = (
			);
			runOnlyForDeploymentPostprocessing = 1;
		};
/* End PBXCopyFilesBuildPhase section */

/* Begin PBXFileReference section */
		D509B3152675BB7100F6E512 /* SwiftAlgorithms */ = {isa = PBXFileReference; explicitFileType = "compiled.mach-o.executable"; includeInIndex = 0; path = SwiftAlgorithms; sourceTree = BUILT_PRODUCTS_DIR; };
		D509B3182675BB7100F6E512 /* main.swift */ = {isa = PBXFileReference; lastKnownFileType = sourcecode.swift; path = main.swift; sourceTree = "<group>"; };
		D509B3212675BC3200F6E512 /* 42840.swift */ = {isa = PBXFileReference; lastKnownFileType = sourcecode.swift; path = 42840.swift; sourceTree = "<group>"; };
		D509B3232675C59B00F6E512 /* 42839.swift */ = {isa = PBXFileReference; lastKnownFileType = sourcecode.swift; path = 42839.swift; sourceTree = "<group>"; };
		D51BDC0626842DA400D88771 /* 42748.swift */ = {isa = PBXFileReference; lastKnownFileType = sourcecode.swift; path = 42748.swift; sourceTree = "<group>"; };
		D51BDC0A26844D9800D88771 /* 42746.swift */ = {isa = PBXFileReference; lastKnownFileType = sourcecode.swift; path = 42746.swift; sourceTree = "<group>"; };
		D51BDC0D26845C3A00D88771 /* 42747.swift */ = {isa = PBXFileReference; lastKnownFileType = sourcecode.swift; path = 42747.swift; sourceTree = "<group>"; };
		D5EE072026763EC10038D0DA /* 42842.swift */ = {isa = PBXFileReference; lastKnownFileType = sourcecode.swift; path = 42842.swift; sourceTree = "<group>"; };
		D5FBA65F26764D8B006633FF /* 42586.swift */ = {isa = PBXFileReference; lastKnownFileType = sourcecode.swift; path = 42586.swift; sourceTree = "<group>"; };
/* End PBXFileReference section */

/* Begin PBXFrameworksBuildPhase section */
		D509B3122675BB7100F6E512 /* Frameworks */ = {
			isa = PBXFrameworksBuildPhase;
			buildActionMask = 2147483647;
			files = (
			);
			runOnlyForDeploymentPostprocessing = 0;
		};
/* End PBXFrameworksBuildPhase section */

/* Begin PBXGroup section */
		D509B30C2675BB7100F6E512 = {
			isa = PBXGroup;
			children = (
				D509B3172675BB7100F6E512 /* SwiftAlgorithms */,
				D509B3162675BB7100F6E512 /* Products */,
			);
			sourceTree = "<group>";
		};
		D509B3162675BB7100F6E512 /* Products */ = {
			isa = PBXGroup;
			children = (
				D509B3152675BB7100F6E512 /* SwiftAlgorithms */,
			);
			name = Products;
			sourceTree = "<group>";
		};
		D509B3172675BB7100F6E512 /* SwiftAlgorithms */ = {
			isa = PBXGroup;
			children = (
				D509B31F2675BB8D00F6E512 /* Programmers */,
				D509B3182675BB7100F6E512 /* main.swift */,
			);
			path = SwiftAlgorithms;
			sourceTree = "<group>";
		};
		D509B31F2675BB8D00F6E512 /* Programmers */ = {
			isa = PBXGroup;
			children = (
				D51BDC0526842D8100D88771 /* Sorting */,
				D5FBA65E26764D43006633FF /* Stack-Queue */,
				D509B3202675BBA700F6E512 /* BruteForce */,
			);
			path = Programmers;
			sourceTree = "<group>";
		};
		D509B3202675BBA700F6E512 /* BruteForce */ = {
			isa = PBXGroup;
			children = (
				D509B3212675BC3200F6E512 /* 42840.swift */,
				D509B3232675C59B00F6E512 /* 42839.swift */,
				D5EE072026763EC10038D0DA /* 42842.swift */,
			);
			path = BruteForce;
			sourceTree = "<group>";
		};
		D51BDC0526842D8100D88771 /* Sorting */ = {
			isa = PBXGroup;
			children = (
				D51BDC0626842DA400D88771 /* 42748.swift */,
				D51BDC0A26844D9800D88771 /* 42746.swift */,
				D51BDC0D26845C3A00D88771 /* 42747.swift */,
			);
			path = Sorting;
			sourceTree = "<group>";
		};
		D5FBA65E26764D43006633FF /* Stack-Queue */ = {
			isa = PBXGroup;
			children = (
				D5FBA65F26764D8B006633FF /* 42586.swift */,
			);
			path = "Stack-Queue";
			sourceTree = "<group>";
		};
/* End PBXGroup section */

/* Begin PBXNativeTarget section */
		D509B3142675BB7100F6E512 /* SwiftAlgorithms */ = {
			isa = PBXNativeTarget;
			buildConfigurationList = D509B31C2675BB7100F6E512 /* Build configuration list for PBXNativeTarget "SwiftAlgorithms" */;
			buildPhases = (
				D509B3112675BB7100F6E512 /* Sources */,
				D509B3122675BB7100F6E512 /* Frameworks */,
				D509B3132675BB7100F6E512 /* CopyFiles */,
			);
			buildRules = (
			);
			dependencies = (
			);
			name = SwiftAlgorithms;
			productName = SwiftAlgorithms;
			productReference = D509B3152675BB7100F6E512 /* SwiftAlgorithms */;
			productType = "com.apple.product-type.tool";
		};
/* End PBXNativeTarget section */

/* Begin PBXProject section */
		D509B30D2675BB7100F6E512 /* Project object */ = {
			isa = PBXProject;
			attributes = {
				LastSwiftUpdateCheck = 1250;
				LastUpgradeCheck = 1250;
				TargetAttributes = {
					D509B3142675BB7100F6E512 = {
						CreatedOnToolsVersion = 12.5;
					};
				};
			};
			buildConfigurationList = D509B3102675BB7100F6E512 /* Build configuration list for PBXProject "SwiftAlgorithms" */;
			compatibilityVersion = "Xcode 9.3";
			developmentRegion = en;
			hasScannedForEncodings = 0;
			knownRegions = (
				en,
				Base,
			);
			mainGroup = D509B30C2675BB7100F6E512;
			productRefGroup = D509B3162675BB7100F6E512 /* Products */;
			projectDirPath = "";
			projectRoot = "";
			targets = (
				D509B3142675BB7100F6E512 /* SwiftAlgorithms */,
			);
		};
/* End PBXProject section */

/* Begin PBXSourcesBuildPhase section */
		D509B3112675BB7100F6E512 /* Sources */ = {
			isa = PBXSourcesBuildPhase;
			buildActionMask = 2147483647;
			files = (
				D509B3222675BC3200F6E512 /* 42840.swift in Sources */,
				D5FBA66026764D8B006633FF /* 42586.swift in Sources */,
				D509B3242675C59B00F6E512 /* 42839.swift in Sources */,
				D51BDC0726842DA400D88771 /* 42748.swift in Sources */,
				D5EE072126763EC10038D0DA /* 42842.swift in Sources */,
				D51BDC0B26844D9800D88771 /* 42746.swift in Sources */,
				D51BDC0E26845C3A00D88771 /* 42747.swift in Sources */,
				D509B3192675BB7100F6E512 /* main.swift in Sources */,
			);
			runOnlyForDeploymentPostprocessing = 0;
		};
/* End PBXSourcesBuildPhase section */

/* Begin XCBuildConfiguration section */
		D509B31A2675BB7100F6E512 /* Debug */ = {
			isa = XCBuildConfiguration;
			buildSettings = {
				ALWAYS_SEARCH_USER_PATHS = NO;
				CLANG_ANALYZER_NONNULL = YES;
				CLANG_ANALYZER_NUMBER_OBJECT_CONVERSION = YES_AGGRESSIVE;
				CLANG_CXX_LANGUAGE_STANDARD = "gnu++14";
				CLANG_CXX_LIBRARY = "libc++";
				CLANG_ENABLE_MODULES = YES;
				CLANG_ENABLE_OBJC_ARC = YES;
				CLANG_ENABLE_OBJC_WEAK = YES;
				CLANG_WARN_BLOCK_CAPTURE_AUTORELEASING = YES;
				CLANG_WARN_BOOL_CONVERSION = YES;
				CLANG_WARN_COMMA = YES;
				CLANG_WARN_CONSTANT_CONVERSION = YES;
				CLANG_WARN_DEPRECATED_OBJC_IMPLEMENTATIONS = YES;
				CLANG_WARN_DIRECT_OBJC_ISA_USAGE = YES_ERROR;
				CLANG_WARN_DOCUMENTATION_COMMENTS = YES;
				CLANG_WARN_EMPTY_BODY = YES;
				CLANG_WARN_ENUM_CONVERSION = YES;
				CLANG_WARN_INFINITE_RECURSION = YES;
				CLANG_WARN_INT_CONVERSION = YES;
				CLANG_WARN_NON_LITERAL_NULL_CONVERSION = YES;
				CLANG_WARN_OBJC_IMPLICIT_RETAIN_SELF = YES;
				CLANG_WARN_OBJC_LITERAL_CONVERSION = YES;
				CLANG_WARN_OBJC_ROOT_CLASS = YES_ERROR;
				CLANG_WARN_QUOTED_INCLUDE_IN_FRAMEWORK_HEADER = YES;
				CLANG_WARN_RANGE_LOOP_ANALYSIS = YES;
				CLANG_WARN_STRICT_PROTOTYPES = YES;
				CLANG_WARN_SUSPICIOUS_MOVE = YES;
				CLANG_WARN_UNGUARDED_AVAILABILITY = YES_AGGRESSIVE;
				CLANG_WARN_UNREACHABLE_CODE = YES;
				CLANG_WARN__DUPLICATE_METHOD_MATCH = YES;
				COPY_PHASE_STRIP = NO;
				DEBUG_INFORMATION_FORMAT = dwarf;
				ENABLE_STRICT_OBJC_MSGSEND = YES;
				ENABLE_TESTABILITY = YES;
				GCC_C_LANGUAGE_STANDARD = gnu11;
				GCC_DYNAMIC_NO_PIC = NO;
				GCC_NO_COMMON_BLOCKS = YES;
				GCC_OPTIMIZATION_LEVEL = 0;
				GCC_PREPROCESSOR_DEFINITIONS = (
					"DEBUG=1",
					"$(inherited)",
				);
				GCC_WARN_64_TO_32_BIT_CONVERSION = YES;
				GCC_WARN_ABOUT_RETURN_TYPE = YES_ERROR;
				GCC_WARN_UNDECLARED_SELECTOR = YES;
				GCC_WARN_UNINITIALIZED_AUTOS = YES_AGGRESSIVE;
				GCC_WARN_UNUSED_FUNCTION = YES;
				GCC_WARN_UNUSED_VARIABLE = YES;
				MACOSX_DEPLOYMENT_TARGET = 11.3;
				MTL_ENABLE_DEBUG_INFO = INCLUDE_SOURCE;
				MTL_FAST_MATH = YES;
				ONLY_ACTIVE_ARCH = YES;
				SDKROOT = macosx;
				SWIFT_ACTIVE_COMPILATION_CONDITIONS = DEBUG;
				SWIFT_OPTIMIZATION_LEVEL = "-Onone";
			};
			name = Debug;
		};
		D509B31B2675BB7100F6E512 /* Release */ = {
			isa = XCBuildConfiguration;
			buildSettings = {
				ALWAYS_SEARCH_USER_PATHS = NO;
				CLANG_ANALYZER_NONNULL = YES;
				CLANG_ANALYZER_NUMBER_OBJECT_CONVERSION = YES_AGGRESSIVE;
				CLANG_CXX_LANGUAGE_STANDARD = "gnu++14";
				CLANG_CXX_LIBRARY = "libc++";
				CLANG_ENABLE_MODULES = YES;
				CLANG_ENABLE_OBJC_ARC = YES;
				CLANG_ENABLE_OBJC_WEAK = YES;
				CLANG_WARN_BLOCK_CAPTURE_AUTORELEASING = YES;
				CLANG_WARN_BOOL_CONVERSION = YES;
				CLANG_WARN_COMMA = YES;
				CLANG_WARN_CONSTANT_CONVERSION = YES;
				CLANG_WARN_DEPRECATED_OBJC_IMPLEMENTATIONS = YES;
				CLANG_WARN_DIRECT_OBJC_ISA_USAGE = YES_ERROR;
				CLANG_WARN_DOCUMENTATION_COMMENTS = YES;
				CLANG_WARN_EMPTY_BODY = YES;
				CLANG_WARN_ENUM_CONVERSION = YES;
				CLANG_WARN_INFINITE_RECURSION = YES;
				CLANG_WARN_INT_CONVERSION = YES;
				CLANG_WARN_NON_LITERAL_NULL_CONVERSION = YES;
				CLANG_WARN_OBJC_IMPLICIT_RETAIN_SELF = YES;
				CLANG_WARN_OBJC_LITERAL_CONVERSION = YES;
				CLANG_WARN_OBJC_ROOT_CLASS = YES_ERROR;
				CLANG_WARN_QUOTED_INCLUDE_IN_FRAMEWORK_HEADER = YES;
				CLANG_WARN_RANGE_LOOP_ANALYSIS = YES;
				CLANG_WARN_STRICT_PROTOTYPES = YES;
				CLANG_WARN_SUSPICIOUS_MOVE = YES;
				CLANG_WARN_UNGUARDED_AVAILABILITY = YES_AGGRESSIVE;
				CLANG_WARN_UNREACHABLE_CODE = YES;
				CLANG_WARN__DUPLICATE_METHOD_MATCH = YES;
				COPY_PHASE_STRIP = NO;
				DEBUG_INFORMATION_FORMAT = "dwarf-with-dsym";
				ENABLE_NS_ASSERTIONS = NO;
				ENABLE_STRICT_OBJC_MSGSEND = YES;
				GCC_C_LANGUAGE_STANDARD = gnu11;
				GCC_NO_COMMON_BLOCKS = YES;
				GCC_WARN_64_TO_32_BIT_CONVERSION = YES;
				GCC_WARN_ABOUT_RETURN_TYPE = YES_ERROR;
				GCC_WARN_UNDECLARED_SELECTOR = YES;
				GCC_WARN_UNINITIALIZED_AUTOS = YES_AGGRESSIVE;
				GCC_WARN_UNUSED_FUNCTION = YES;
				GCC_WARN_UNUSED_VARIABLE = YES;
				MACOSX_DEPLOYMENT_TARGET = 11.3;
				MTL_ENABLE_DEBUG_INFO = NO;
				MTL_FAST_MATH = YES;
				SDKROOT = macosx;
				SWIFT_COMPILATION_MODE = wholemodule;
				SWIFT_OPTIMIZATION_LEVEL = "-O";
			};
			name = Release;
		};
		D509B31D2675BB7100F6E512 /* Debug */ = {
			isa = XCBuildConfiguration;
			buildSettings = {
				CODE_SIGN_STYLE = Automatic;
				PRODUCT_NAME = "$(TARGET_NAME)";
				SWIFT_VERSION = 5.0;
			};
			name = Debug;
		};
		D509B31E2675BB7100F6E512 /* Release */ = {
			isa = XCBuildConfiguration;
			buildSettings = {
				CODE_SIGN_STYLE = Automatic;
				PRODUCT_NAME = "$(TARGET_NAME)";
				SWIFT_VERSION = 5.0;
			};
			name = Release;
		};
/* End XCBuildConfiguration section */

/* Begin XCConfigurationList section */
		D509B3102675BB7100F6E512 /* Build configuration list for PBXProject "SwiftAlgorithms" */ = {
			isa = XCConfigurationList;
			buildConfigurations = (
				D509B31A2675BB7100F6E512 /* Debug */,
				D509B31B2675BB7100F6E512 /* Release */,
			);
			defaultConfigurationIsVisible = 0;
			defaultConfigurationName = Release;
		};
		D509B31C2675BB7100F6E512 /* Build configuration list for PBXNativeTarget "SwiftAlgorithms" */ = {
			isa = XCConfigurationList;
			buildConfigurations = (
				D509B31D2675BB7100F6E512 /* Debug */,
				D509B31E2675BB7100F6E512 /* Release */,
			);
			defaultConfigurationIsVisible = 0;
			defaultConfigurationName = Release;
		};
/* End XCConfigurationList section */
	};
	rootObject = D509B30D2675BB7100F6E512 /* Project object */;
}
